
Microsoft Visual Studio Solution File, Format Version 12.00
# Visual Studio Version 17
VisualStudioVersion = 17.13.35931.197 d17.13
MinimumVisualStudioVersion = 10.0.40219.1
Project("{FAE04EC0-301F-11D3-BF4B-00C04F79EFBC}") = "diary-pilot", "diary-pilot\diary-pilot.csproj", "{9AF2B95F-6EA2-4C39-A6A9-DFB407B38F10}"
EndProject
Global
	GlobalSection(SolutionConfigurationPlatforms) = preSolution
		Debug|Any CPU = Debug|Any CPU
		Release|Any CPU = Release|Any CPU
	EndGlobalSection
	GlobalSection(ProjectConfigurationPlatforms) = postSolution
		{9AF2B95F-6EA2-4C39-A6A9-DFB407B38F10}.Debug|Any CPU.ActiveCfg = Debug|Any CPU
		{9AF2B95F-6EA2-4C39-A6A9-DFB407B38F10}.Debug|Any CPU.Build.0 = Debug|Any CPU
		{9AF2B95F-6EA2-4C39-A6A9-DFB407B38F10}.Release|Any CPU.ActiveCfg = Release|Any CPU
		{9AF2B95F-6EA2-4C39-A6A9-DFB407B38F10}.Release|Any CPU.Build.0 = Release|Any CPU
	EndGlobalSection
	GlobalSection(SolutionProperties) = preSolution
		HideSolutionNode = FALSE
	EndGlobalSection
	GlobalSection(ExtensibilityGlobals) = postSolution
		SolutionGuid = {ED74F823-C755-4436-AF61-044219BB7EE1}
	EndGlobalSection
EndGlobal
